
Microsoft Visual Studio Solution File, Format Version 12.00
# Visual Studio 15
VisualStudioVersion = 15.0.27130.2024
MinimumVisualStudioVersion = 10.0.40219.1
Project("{2150E333-8FDC-42A3-9474-1A3956D46DE8}") = "sample", "sample", "{70546F34-BA3D-4140-89BA-B8467CA85F9D}"
EndProject
Project("{2150E333-8FDC-42A3-9474-1A3956D46DE8}") = "src", "src", "{017B2B4B-E971-4A09-9D04-3820059F2E97}"
EndProject
Project("{2150E333-8FDC-42A3-9474-1A3956D46DE8}") = "sln", "sln", "{DA0729B3-EAC0-40C3-A4A5-80D202827CBF}"
	ProjectSection(SolutionItems) = preProject
		.gitignore = .gitignore
	EndProjectSection
EndProject
Project("{9A19103F-16F7-4668-BE54-9A1E7A4F7556}") = "Xunit.Extension", "src\Xunit.Extension.csproj", "{FE5E09D0-95FA-47E2-B505-1884CFAAF210}"
EndProject
Project("{FAE04EC0-301F-11D3-BF4B-00C04F79EFBC}") = "XUnit.Extension.Sample", "sample\XUnit.Extension.Sample\XUnit.Extension.Sample.csproj", "{E195F7B0-D70F-47B1-A352-FC1FFF72FFBA}"
EndProject
Global
	GlobalSection(SolutionConfigurationPlatforms) = preSolution
		Debug|Any CPU = Debug|Any CPU
		Release|Any CPU = Release|Any CPU
	EndGlobalSection
	GlobalSection(ProjectConfigurationPlatforms) = postSolution
		{FE5E09D0-95FA-47E2-B505-1884CFAAF210}.Debug|Any CPU.ActiveCfg = Debug|Any CPU
		{FE5E09D0-95FA-47E2-B505-1884CFAAF210}.Debug|Any CPU.Build.0 = Debug|Any CPU
		{FE5E09D0-95FA-47E2-B505-1884CFAAF210}.Release|Any CPU.ActiveCfg = Release|Any CPU
		{FE5E09D0-95FA-47E2-B505-1884CFAAF210}.Release|Any CPU.Build.0 = Release|Any CPU
		{E195F7B0-D70F-47B1-A352-FC1FFF72FFBA}.Debug|Any CPU.ActiveCfg = Debug|Any CPU
		{E195F7B0-D70F-47B1-A352-FC1FFF72FFBA}.Debug|Any CPU.Build.0 = Debug|Any CPU
		{E195F7B0-D70F-47B1-A352-FC1FFF72FFBA}.Release|Any CPU.ActiveCfg = Release|Any CPU
		{E195F7B0-D70F-47B1-A352-FC1FFF72FFBA}.Release|Any CPU.Build.0 = Release|Any CPU
	EndGlobalSection
	GlobalSection(SolutionProperties) = preSolution
		HideSolutionNode = FALSE
	EndGlobalSection
	GlobalSection(NestedProjects) = preSolution
		{FE5E09D0-95FA-47E2-B505-1884CFAAF210} = {017B2B4B-E971-4A09-9D04-3820059F2E97}
		{E195F7B0-D70F-47B1-A352-FC1FFF72FFBA} = {70546F34-BA3D-4140-89BA-B8467CA85F9D}
	EndGlobalSection
	GlobalSection(ExtensibilityGlobals) = postSolution
		SolutionGuid = {B1FDE7D6-2E78-4501-97C6-2B37B7770AD7}
	EndGlobalSection
EndGlobal
